// !$*UTF8*$!
{
	archiveVersion = 1;
	classes = {
	};
	objectVersion = 46;
	objects = {

/* Begin PBXBuildFile section */
		07EFEFDB1F04C72700F5F18A /* main.m in Sources */ = {isa = PBXBuildFile; fileRef = 07EFEFDA1F04C72700F5F18A /* main.m */; };
		07EFEFDE1F04C72700F5F18A /* AppDelegate.m in Sources */ = {isa = PBXBuildFile; fileRef = 07EFEFDD1F04C72700F5F18A /* AppDelegate.m */; };
		07EFEFE11F04C72700F5F18A /* ViewController.m in Sources */ = {isa = PBXBuildFile; fileRef = 07EFEFE01F04C72700F5F18A /* ViewController.m */; };
		07EFEFE41F04C72700F5F18A /* Main.storyboard in Resources */ = {isa = PBXBuildFile; fileRef = 07EFEFE21F04C72700F5F18A /* Main.storyboard */; };
		07EFEFE61F04C72700F5F18A /* Assets.xcassets in Resources */ = {isa = PBXBuildFile; fileRef = 07EFEFE51F04C72700F5F18A /* Assets.xcassets */; };
		07EFEFE91F04C72700F5F18A /* LaunchScreen.storyboard in Resources */ = {isa = PBXBuildFile; fileRef = 07EFEFE71F04C72700F5F18A /* LaunchScreen.storyboard */; };
		07EFEFF41F04C72700F5F18A /* OmniVirt_VRPlayer_ExampleTests.m in Sources */ = {isa = PBXBuildFile; fileRef = 07EFEFF31F04C72700F5F18A /* OmniVirt_VRPlayer_ExampleTests.m */; };
		07EFEFFF1F04C72700F5F18A /* OmniVirt_VRPlayer_ExampleUITests.m in Sources */ = {isa = PBXBuildFile; fileRef = 07EFEFFE1F04C72700F5F18A /* OmniVirt_VRPlayer_ExampleUITests.m */; };
		E2EE35A541D75922758F9E59 /* libPods-OmniVirt VRPlayer Example.a in Frameworks */ = {isa = PBXBuildFile; fileRef = 00357243F1AADB7BB7A97F07 /* libPods-OmniVirt VRPlayer Example.a */; };
/* End PBXBuildFile section */

/* Begin PBXContainerItemProxy section */
		07EFEFF01F04C72700F5F18A /* PBXContainerItemProxy */ = {
			isa = PBXContainerItemProxy;
			containerPortal = 07EFEFCE1F04C72700F5F18A /* Project object */;
			proxyType = 1;
			remoteGlobalIDString = 07EFEFD51F04C72700F5F18A;
			remoteInfo = "OmniVirt VRPlayer Example";
		};
		07EFEFFB1F04C72700F5F18A /* PBXContainerItemProxy */ = {
			isa = PBXContainerItemProxy;
			containerPortal = 07EFEFCE1F04C72700F5F18A /* Project object */;
			proxyType = 1;
			remoteGlobalIDString = 07EFEFD51F04C72700F5F18A;
			remoteInfo = "OmniVirt VRPlayer Example";
		};
/* End PBXContainerItemProxy section */

/* Begin PBXFileReference section */
		00357243F1AADB7BB7A97F07 /* libPods-OmniVirt VRPlayer Example.a */ = {isa = PBXFileReference; explicitFileType = archive.ar; includeInIndex = 0; path = "libPods-OmniVirt VRPlayer Example.a"; sourceTree = BUILT_PRODUCTS_DIR; };
		07EFEFD61F04C72700F5F18A /* OmniVirt VRPlayer Example.app */ = {isa = PBXFileReference; explicitFileType = wrapper.application; includeInIndex = 0; path = "OmniVirt VRPlayer Example.app"; sourceTree = BUILT_PRODUCTS_DIR; };
		07EFEFDA1F04C72700F5F18A /* main.m */ = {isa = PBXFileReference; lastKnownFileType = sourcecode.c.objc; path = main.m; sourceTree = "<group>"; };
		07EFEFDC1F04C72700F5F18A /* AppDelegate.h */ = {isa = PBXFileReference; lastKnownFileType = sourcecode.c.h; path = AppDelegate.h; sourceTree = "<group>"; };
		07EFEFDD1F04C72700F5F18A /* AppDelegate.m */ = {isa = PBXFileReference; lastKnownFileType = sourcecode.c.objc; path = AppDelegate.m; sourceTree = "<group>"; };
		07EFEFDF1F04C72700F5F18A /* ViewController.h */ = {isa = PBXFileReference; lastKnownFileType = sourcecode.c.h; path = ViewController.h; sourceTree = "<group>"; };
		07EFEFE01F04C72700F5F18A /* ViewController.m */ = {isa = PBXFileReference; lastKnownFileType = sourcecode.c.objc; path = ViewController.m; sourceTree = "<group>"; };
		07EFEFE31F04C72700F5F18A /* Base */ = {isa = PBXFileReference; lastKnownFileType = file.storyboard; name = Base; path = Base.lproj/Main.storyboard; sourceTree = "<group>"; };
		07EFEFE51F04C72700F5F18A /* Assets.xcassets */ = {isa = PBXFileReference; lastKnownFileType = folder.assetcatalog; path = Assets.xcassets; sourceTree = "<group>"; };
		07EFEFE81F04C72700F5F18A /* Base */ = {isa = PBXFileReference; lastKnownFileType = file.storyboard; name = Base; path = Base.lproj/LaunchScreen.storyboard; sourceTree = "<group>"; };
		07EFEFEA1F04C72700F5F18A /* Info.plist */ = {isa = PBXFileReference; lastKnownFileType = text.plist.xml; path = Info.plist; sourceTree = "<group>"; };
		07EFEFEF1F04C72700F5F18A /* OmniVirt VRPlayer ExampleTests.xctest */ = {isa = PBXFileReference; explicitFileType = wrapper.cfbundle; includeInIndex = 0; path = "OmniVirt VRPlayer ExampleTests.xctest"; sourceTree = BUILT_PRODUCTS_DIR; };
		07EFEFF31F04C72700F5F18A /* OmniVirt_VRPlayer_ExampleTests.m */ = {isa = PBXFileReference; lastKnownFileType = sourcecode.c.objc; path = OmniVirt_VRPlayer_ExampleTests.m; sourceTree = "<group>"; };
		07EFEFF51F04C72700F5F18A /* Info.plist */ = {isa = PBXFileReference; lastKnownFileType = text.plist.xml; path = Info.plist; sourceTree = "<group>"; };
		07EFEFFA1F04C72700F5F18A /* OmniVirt VRPlayer ExampleUITests.xctest */ = {isa = PBXFileReference; explicitFileType = wrapper.cfbundle; includeInIndex = 0; path = "OmniVirt VRPlayer ExampleUITests.xctest"; sourceTree = BUILT_PRODUCTS_DIR; };
		07EFEFFE1F04C72700F5F18A /* OmniVirt_VRPlayer_ExampleUITests.m */ = {isa = PBXFileReference; lastKnownFileType = sourcecode.c.objc; path = OmniVirt_VRPlayer_ExampleUITests.m; sourceTree = "<group>"; };
		07EFF0001F04C72700F5F18A /* Info.plist */ = {isa = PBXFileReference; lastKnownFileType = text.plist.xml; path = Info.plist; sourceTree = "<group>"; };
		25AC33BB2A8EC40BB964936F /* Pods-OmniVirt VRPlayer Example.debug.xcconfig */ = {isa = PBXFileReference; includeInIndex = 1; lastKnownFileType = text.xcconfig; name = "Pods-OmniVirt VRPlayer Example.debug.xcconfig"; path = "Pods/Target Support Files/Pods-OmniVirt VRPlayer Example/Pods-OmniVirt VRPlayer Example.debug.xcconfig"; sourceTree = "<group>"; };
		75DDB64A0488E80AF2E90CEE /* Pods-OmniVirt VRPlayer Example.release.xcconfig */ = {isa = PBXFileReference; includeInIndex = 1; lastKnownFileType = text.xcconfig; name = "Pods-OmniVirt VRPlayer Example.release.xcconfig"; path = "Pods/Target Support Files/Pods-OmniVirt VRPlayer Example/Pods-OmniVirt VRPlayer Example.release.xcconfig"; sourceTree = "<group>"; };
/* End PBXFileReference section */

/* Begin PBXFrameworksBuildPhase section */
		07EFEFD31F04C72700F5F18A /* Frameworks */ = {
			isa = PBXFrameworksBuildPhase;
			buildActionMask = 2147483647;
			files = (
				E2EE35A541D75922758F9E59 /* libPods-OmniVirt VRPlayer Example.a in Frameworks */,
			);
			runOnlyForDeploymentPostprocessing = 0;
		};
		07EFEFEC1F04C72700F5F18A /* Frameworks */ = {
			isa = PBXFrameworksBuildPhase;
			buildActionMask = 2147483647;
			files = (
			);
			runOnlyForDeploymentPostprocessing = 0;
		};
		07EFEFF71F04C72700F5F18A /* Frameworks */ = {
			isa = PBXFrameworksBuildPhase;
			buildActionMask = 2147483647;
			files = (
			);
			runOnlyForDeploymentPostprocessing = 0;
		};
/* End PBXFrameworksBuildPhase section */

/* Begin PBXGroup section */
		07EFEFCD1F04C72700F5F18A = {
			isa = PBXGroup;
			children = (
				07EFEFD81F04C72700F5F18A /* OmniVirt VRPlayer Example */,
				07EFEFF21F04C72700F5F18A /* OmniVirt VRPlayer ExampleTests */,
				07EFEFFD1F04C72700F5F18A /* OmniVirt VRPlayer ExampleUITests */,
				07EFEFD71F04C72700F5F18A /* Products */,
				9920170619D37F96A9951072 /* Pods */,
				3549DC9359F21EFB85AC0111 /* Frameworks */,
			);
			sourceTree = "<group>";
		};
		07EFEFD71F04C72700F5F18A /* Products */ = {
			isa = PBXGroup;
			children = (
				07EFEFD61F04C72700F5F18A /* OmniVirt VRPlayer Example.app */,
				07EFEFEF1F04C72700F5F18A /* OmniVirt VRPlayer ExampleTests.xctest */,
				07EFEFFA1F04C72700F5F18A /* OmniVirt VRPlayer ExampleUITests.xctest */,
			);
			name = Products;
			sourceTree = "<group>";
		};
		07EFEFD81F04C72700F5F18A /* OmniVirt VRPlayer Example */ = {
			isa = PBXGroup;
			children = (
				07EFEFDC1F04C72700F5F18A /* AppDelegate.h */,
				07EFEFDD1F04C72700F5F18A /* AppDelegate.m */,
				07EFEFDF1F04C72700F5F18A /* ViewController.h */,
				07EFEFE01F04C72700F5F18A /* ViewController.m */,
				07EFEFE21F04C72700F5F18A /* Main.storyboard */,
				07EFEFE51F04C72700F5F18A /* Assets.xcassets */,
				07EFEFE71F04C72700F5F18A /* LaunchScreen.storyboard */,
				07EFEFEA1F04C72700F5F18A /* Info.plist */,
				07EFEFD91F04C72700F5F18A /* Supporting Files */,
			);
			path = "OmniVirt VRPlayer Example";
			sourceTree = "<group>";
		};
		07EFEFD91F04C72700F5F18A /* Supporting Files */ = {
			isa = PBXGroup;
			children = (
				07EFEFDA1F04C72700F5F18A /* main.m */,
			);
			name = "Supporting Files";
			sourceTree = "<group>";
		};
		07EFEFF21F04C72700F5F18A /* OmniVirt VRPlayer ExampleTests */ = {
			isa = PBXGroup;
			children = (
				07EFEFF31F04C72700F5F18A /* OmniVirt_VRPlayer_ExampleTests.m */,
				07EFEFF51F04C72700F5F18A /* Info.plist */,
			);
			path = "OmniVirt VRPlayer ExampleTests";
			sourceTree = "<group>";
		};
		07EFEFFD1F04C72700F5F18A /* OmniVirt VRPlayer ExampleUITests */ = {
			isa = PBXGroup;
			children = (
				07EFEFFE1F04C72700F5F18A /* OmniVirt_VRPlayer_ExampleUITests.m */,
				07EFF0001F04C72700F5F18A /* Info.plist */,
			);
			path = "OmniVirt VRPlayer ExampleUITests";
			sourceTree = "<group>";
		};
		3549DC9359F21EFB85AC0111 /* Frameworks */ = {
			isa = PBXGroup;
			children = (
				00357243F1AADB7BB7A97F07 /* libPods-OmniVirt VRPlayer Example.a */,
			);
			name = Frameworks;
			sourceTree = "<group>";
		};
		9920170619D37F96A9951072 /* Pods */ = {
			isa = PBXGroup;
			children = (
				25AC33BB2A8EC40BB964936F /* Pods-OmniVirt VRPlayer Example.debug.xcconfig */,
				75DDB64A0488E80AF2E90CEE /* Pods-OmniVirt VRPlayer Example.release.xcconfig */,
			);
			name = Pods;
			sourceTree = "<group>";
		};
/* End PBXGroup section */

/* Begin PBXNativeTarget section */
		07EFEFD51F04C72700F5F18A /* OmniVirt VRPlayer Example */ = {
			isa = PBXNativeTarget;
			buildConfigurationList = 07EFF0031F04C72700F5F18A /* Build configuration list for PBXNativeTarget "OmniVirt VRPlayer Example" */;
			buildPhases = (
				3E687EDE5C3414E3BBDBEBF6 /* [CP] Check Pods Manifest.lock */,
				07EFEFD21F04C72700F5F18A /* Sources */,
				07EFEFD31F04C72700F5F18A /* Frameworks */,
				07EFEFD41F04C72700F5F18A /* Resources */,
				ACC75C72E2B1ABC158A086EC /* [CP] Embed Pods Frameworks */,
			);
			buildRules = (
			);
			dependencies = (
			);
			name = "OmniVirt VRPlayer Example";
			productName = "OmniVirt VRPlayer Example";
			productReference = 07EFEFD61F04C72700F5F18A /* OmniVirt VRPlayer Example.app */;
			productType = "com.apple.product-type.application";
		};
		07EFEFEE1F04C72700F5F18A /* OmniVirt VRPlayer ExampleTests */ = {
			isa = PBXNativeTarget;
			buildConfigurationList = 07EFF0061F04C72700F5F18A /* Build configuration list for PBXNativeTarget "OmniVirt VRPlayer ExampleTests" */;
			buildPhases = (
				07EFEFEB1F04C72700F5F18A /* Sources */,
				07EFEFEC1F04C72700F5F18A /* Frameworks */,
				07EFEFED1F04C72700F5F18A /* Resources */,
			);
			buildRules = (
			);
			dependencies = (
				07EFEFF11F04C72700F5F18A /* PBXTargetDependency */,
			);
			name = "OmniVirt VRPlayer ExampleTests";
			productName = "OmniVirt VRPlayer ExampleTests";
			productReference = 07EFEFEF1F04C72700F5F18A /* OmniVirt VRPlayer ExampleTests.xctest */;
			productType = "com.apple.product-type.bundle.unit-test";
		};
		07EFEFF91F04C72700F5F18A /* OmniVirt VRPlayer ExampleUITests */ = {
			isa = PBXNativeTarget;
			buildConfigurationList = 07EFF0091F04C72700F5F18A /* Build configuration list for PBXNativeTarget "OmniVirt VRPlayer ExampleUITests" */;
			buildPhases = (
				07EFEFF61F04C72700F5F18A /* Sources */,
				07EFEFF71F04C72700F5F18A /* Frameworks */,
				07EFEFF81F04C72700F5F18A /* Resources */,
			);
			buildRules = (
			);
			dependencies = (
				07EFEFFC1F04C72700F5F18A /* PBXTargetDependency */,
			);
			name = "OmniVirt VRPlayer ExampleUITests";
			productName = "OmniVirt VRPlayer ExampleUITests";
			productReference = 07EFEFFA1F04C72700F5F18A /* OmniVirt VRPlayer ExampleUITests.xctest */;
			productType = "com.apple.product-type.bundle.ui-testing";
		};
/* End PBXNativeTarget section */

/* Begin PBXProject section */
		07EFEFCE1F04C72700F5F18A /* Project object */ = {
			isa = PBXProject;
			attributes = {
				LastUpgradeCheck = 1020;
				ORGANIZATIONNAME = OmniVirt;
				TargetAttributes = {
					07EFEFD51F04C72700F5F18A = {
						CreatedOnToolsVersion = 8.3.2;
						DevelopmentTeam = 2EWEU8NLQ9;
						ProvisioningStyle = Automatic;
					};
					07EFEFEE1F04C72700F5F18A = {
						CreatedOnToolsVersion = 8.3.2;
						DevelopmentTeam = 2EWEU8NLQ9;
						ProvisioningStyle = Automatic;
						TestTargetID = 07EFEFD51F04C72700F5F18A;
					};
					07EFEFF91F04C72700F5F18A = {
						CreatedOnToolsVersion = 8.3.2;
						DevelopmentTeam = 2EWEU8NLQ9;
						ProvisioningStyle = Automatic;
						TestTargetID = 07EFEFD51F04C72700F5F18A;
					};
				};
			};
			buildConfigurationList = 07EFEFD11F04C72700F5F18A /* Build configuration list for PBXProject "OmniVirt VRPlayer Example" */;
			compatibilityVersion = "Xcode 3.2";
			developmentRegion = English;
			hasScannedForEncodings = 0;
			knownRegions = (
				English,
				en,
				Base,
			);
			mainGroup = 07EFEFCD1F04C72700F5F18A;
			productRefGroup = 07EFEFD71F04C72700F5F18A /* Products */;
			projectDirPath = "";
			projectRoot = "";
			targets = (
				07EFEFD51F04C72700F5F18A /* OmniVirt VRPlayer Example */,
				07EFEFEE1F04C72700F5F18A /* OmniVirt VRPlayer ExampleTests */,
				07EFEFF91F04C72700F5F18A /* OmniVirt VRPlayer ExampleUITests */,
			);
		};
/* End PBXProject section */

/* Begin PBXResourcesBuildPhase section */
		07EFEFD41F04C72700F5F18A /* Resources */ = {
			isa = PBXResourcesBuildPhase;
			buildActionMask = 2147483647;
			files = (
				07EFEFE91F04C72700F5F18A /* LaunchScreen.storyboard in Resources */,
				07EFEFE61F04C72700F5F18A /* Assets.xcassets in Resources */,
				07EFEFE41F04C72700F5F18A /* Main.storyboard in Resources */,
			);
			runOnlyForDeploymentPostprocessing = 0;
		};
		07EFEFED1F04C72700F5F18A /* Resources */ = {
			isa = PBXResourcesBuildPhase;
			buildActionMask = 2147483647;
			files = (
			);
			runOnlyForDeploymentPostprocessing = 0;
		};
		07EFEFF81F04C72700F5F18A /* Resources */ = {
			isa = PBXResourcesBuildPhase;
			buildActionMask = 2147483647;
			files = (
			);
			runOnlyForDeploymentPostprocessing = 0;
		};
/* End PBXResourcesBuildPhase section */

/* Begin PBXShellScriptBuildPhase section */
		3E687EDE5C3414E3BBDBEBF6 /* [CP] Check Pods Manifest.lock */ = {
			isa = PBXShellScriptBuildPhase;
			buildActionMask = 2147483647;
			files = (
			);
			inputPaths = (
				"${PODS_PODFILE_DIR_PATH}/Podfile.lock",
				"${PODS_ROOT}/Manifest.lock",
			);
			name = "[CP] Check Pods Manifest.lock";
			outputPaths = (
				"$(DERIVED_FILE_DIR)/Pods-OmniVirt VRPlayer Example-checkManifestLockResult.txt",
			);
			runOnlyForDeploymentPostprocessing = 0;
			shellPath = /bin/sh;
			shellScript = "diff \"${PODS_PODFILE_DIR_PATH}/Podfile.lock\" \"${PODS_ROOT}/Manifest.lock\" > /dev/null\nif [ $? != 0 ] ; then\n    # print error to STDERR\n    echo \"error: The sandbox is not in sync with the Podfile.lock. Run 'pod install' or update your CocoaPods installation.\" >&2\n    exit 1\nfi\n# This output is used by Xcode 'outputs' to avoid re-running this script phase.\necho \"SUCCESS\" > \"${SCRIPT_OUTPUT_FILE_0}\"\n";
			showEnvVarsInLog = 0;
		};
		ACC75C72E2B1ABC158A086EC /* [CP] Embed Pods Frameworks */ = {
			isa = PBXShellScriptBuildPhase;
			buildActionMask = 2147483647;
			files = (
			);
			inputPaths = (
				"${PODS_ROOT}/Target Support Files/Pods-OmniVirt VRPlayer Example/Pods-OmniVirt VRPlayer Example-frameworks.sh",
				"${PODS_ROOT}/OmniVirtSDK/OmniVirtSDK.framework",
			);
			name = "[CP] Embed Pods Frameworks";
			outputPaths = (
				"${TARGET_BUILD_DIR}/${FRAMEWORKS_FOLDER_PATH}/OmniVirtSDK.framework",
			);
			runOnlyForDeploymentPostprocessing = 0;
			shellPath = /bin/sh;
			shellScript = "\"${PODS_ROOT}/Target Support Files/Pods-OmniVirt VRPlayer Example/Pods-OmniVirt VRPlayer Example-frameworks.sh\"\n";
			showEnvVarsInLog = 0;
		};
/* End PBXShellScriptBuildPhase section */

/* Begin PBXSourcesBuildPhase section */
		07EFEFD21F04C72700F5F18A /* Sources */ = {
			isa = PBXSourcesBuildPhase;
			buildActionMask = 2147483647;
			files = (
				07EFEFE11F04C72700F5F18A /* ViewController.m in Sources */,
				07EFEFDE1F04C72700F5F18A /* AppDelegate.m in Sources */,
				07EFEFDB1F04C72700F5F18A /* main.m in Sources */,
			);
			runOnlyForDeploymentPostprocessing = 0;
		};
		07EFEFEB1F04C72700F5F18A /* Sources */ = {
			isa = PBXSourcesBuildPhase;
			buildActionMask = 2147483647;
			files = (
				07EFEFF41F04C72700F5F18A /* OmniVirt_VRPlayer_ExampleTests.m in Sources */,
			);
			runOnlyForDeploymentPostprocessing = 0;
		};
		07EFEFF61F04C72700F5F18A /* Sources */ = {
			isa = PBXSourcesBuildPhase;
			buildActionMask = 2147483647;
			files = (
				07EFEFFF1F04C72700F5F18A /* OmniVirt_VRPlayer_ExampleUITests.m in Sources */,
			);
			runOnlyForDeploymentPostprocessing = 0;
		};
/* End PBXSourcesBuildPhase section */

/* Begin PBXTargetDependency section */
		07EFEFF11F04C72700F5F18A /* PBXTargetDependency */ = {
			isa = PBXTargetDependency;
			target = 07EFEFD51F04C72700F5F18A /* OmniVirt VRPlayer Example */;
			targetProxy = 07EFEFF01F04C72700F5F18A /* PBXContainerItemProxy */;
		};
		07EFEFFC1F04C72700F5F18A /* PBXTargetDependency */ = {
			isa = PBXTargetDependency;
			target = 07EFEFD51F04C72700F5F18A /* OmniVirt VRPlayer Example */;
			targetProxy = 07EFEFFB1F04C72700F5F18A /* PBXContainerItemProxy */;
		};
/* End PBXTargetDependency section */

/* Begin PBXVariantGroup section */
		07EFEFE21F04C72700F5F18A /* Main.storyboard */ = {
			isa = PBXVariantGroup;
			children = (
				07EFEFE31F04C72700F5F18A /* Base */,
			);
			name = Main.storyboard;
			sourceTree = "<group>";
		};
		07EFEFE71F04C72700F5F18A /* LaunchScreen.storyboard */ = {
			isa = PBXVariantGroup;
			children = (
				07EFEFE81F04C72700F5F18A /* Base */,
			);
			name = LaunchScreen.storyboard;
			sourceTree = "<group>";
		};
/* End PBXVariantGroup section */

/* Begin XCBuildConfiguration section */
		07EFF0011F04C72700F5F18A /* Debug */ = {
			isa = XCBuildConfiguration;
			buildSettings = {
				ALWAYS_SEARCH_USER_PATHS = NO;
				CLANG_ANALYZER_LOCALIZABILITY_NONLOCALIZED = YES;
				CLANG_ANALYZER_NONNULL = YES;
				CLANG_ANALYZER_NUMBER_OBJECT_CONVERSION = YES_AGGRESSIVE;
				CLANG_CXX_LANGUAGE_STANDARD = "gnu++0x";
				CLANG_CXX_LIBRARY = "libc++";
				CLANG_ENABLE_MODULES = YES;
				CLANG_ENABLE_OBJC_ARC = YES;
				CLANG_WARN_BLOCK_CAPTURE_AUTORELEASING = YES;
				CLANG_WARN_BOOL_CONVERSION = YES;
				CLANG_WARN_COMMA = YES;
				CLANG_WARN_CONSTANT_CONVERSION = YES;
				CLANG_WARN_DEPRECATED_OBJC_IMPLEMENTATIONS = YES;
				CLANG_WARN_DIRECT_OBJC_ISA_USAGE = YES_ERROR;
				CLANG_WARN_DOCUMENTATION_COMMENTS = YES;
				CLANG_WARN_EMPTY_BODY = YES;
				CLANG_WARN_ENUM_CONVERSION = YES;
				CLANG_WARN_INFINITE_RECURSION = YES;
				CLANG_WARN_INT_CONVERSION = YES;
				CLANG_WARN_NON_LITERAL_NULL_CONVERSION = YES;
				CLANG_WARN_OBJC_IMPLICIT_RETAIN_SELF = YES;
				CLANG_WARN_OBJC_LITERAL_CONVERSION = YES;
				CLANG_WARN_OBJC_ROOT_CLASS = YES_ERROR;
				CLANG_WARN_RANGE_LOOP_ANALYSIS = YES;
				CLANG_WARN_STRICT_PROTOTYPES = YES;
				CLANG_WARN_SUSPICIOUS_MOVE = YES;
				CLANG_WARN_UNREACHABLE_CODE = YES;
				CLANG_WARN__DUPLICATE_METHOD_MATCH = YES;
				"CODE_SIGN_IDENTITY[sdk=iphoneos*]" = "iPhone Developer";
				COPY_PHASE_STRIP = NO;
				DEBUG_INFORMATION_FORMAT = dwarf;
				ENABLE_STRICT_OBJC_MSGSEND = YES;
				ENABLE_TESTABILITY = YES;
				GCC_C_LANGUAGE_STANDARD = gnu99;
				GCC_DYNAMIC_NO_PIC = NO;
				GCC_NO_COMMON_BLOCKS = YES;
				GCC_OPTIMIZATION_LEVEL = 0;
				GCC_PREPROCESSOR_DEFINITIONS = (
					"DEBUG=1",
					"$(inherited)",
				);
				GCC_WARN_64_TO_32_BIT_CONVERSION = YES;
				GCC_WARN_ABOUT_RETURN_TYPE = YES_ERROR;
				GCC_WARN_UNDECLARED_SELECTOR = YES;
				GCC_WARN_UNINITIALIZED_AUTOS = YES_AGGRESSIVE;
				GCC_WARN_UNUSED_FUNCTION = YES;
				GCC_WARN_UNUSED_VARIABLE = YES;
				IPHONEOS_DEPLOYMENT_TARGET = 10.3;
				MTL_ENABLE_DEBUG_INFO = YES;
				ONLY_ACTIVE_ARCH = YES;
				SDKROOT = iphoneos;
				TARGETED_DEVICE_FAMILY = "1,2";
			};
			name = Debug;
		};
		07EFF0021F04C72700F5F18A /* Release */ = {
			isa = XCBuildConfiguration;
			buildSettings = {
				ALWAYS_SEARCH_USER_PATHS = NO;
				CLANG_ANALYZER_LOCALIZABILITY_NONLOCALIZED = YES;
				CLANG_ANALYZER_NONNULL = YES;
				CLANG_ANALYZER_NUMBER_OBJECT_CONVERSION = YES_AGGRESSIVE;
				CLANG_CXX_LANGUAGE_STANDARD = "gnu++0x";
				CLANG_CXX_LIBRARY = "libc++";
				CLANG_ENABLE_MODULES = YES;
				CLANG_ENABLE_OBJC_ARC = YES;
				CLANG_WARN_BLOCK_CAPTURE_AUTORELEASING = YES;
				CLANG_WARN_BOOL_CONVERSION = YES;
				CLANG_WARN_COMMA = YES;
				CLANG_WARN_CONSTANT_CONVERSION = YES;
				CLANG_WARN_DEPRECATED_OBJC_IMPLEMENTATIONS = YES;
				CLANG_WARN_DIRECT_OBJC_ISA_USAGE = YES_ERROR;
				CLANG_WARN_DOCUMENTATION_COMMENTS = YES;
				CLANG_WARN_EMPTY_BODY = YES;
				CLANG_WARN_ENUM_CONVERSION = YES;
				CLANG_WARN_INFINITE_RECURSION = YES;
				CLANG_WARN_INT_CONVERSION = YES;
				CLANG_WARN_NON_LITERAL_NULL_CONVERSION = YES;
				CLANG_WARN_OBJC_IMPLICIT_RETAIN_SELF = YES;
				CLANG_WARN_OBJC_LITERAL_CONVERSION = YES;
				CLANG_WARN_OBJC_ROOT_CLASS = YES_ERROR;
				CLANG_WARN_RANGE_LOOP_ANALYSIS = YES;
				CLANG_WARN_STRICT_PROTOTYPES = YES;
				CLANG_WARN_SUSPICIOUS_MOVE = YES;
				CLANG_WARN_UNREACHABLE_CODE = YES;
				CLANG_WARN__DUPLICATE_METHOD_MATCH = YES;
				"CODE_SIGN_IDENTITY[sdk=iphoneos*]" = "iPhone Developer";
				COPY_PHASE_STRIP = NO;
				DEBUG_INFORMATION_FORMAT = "dwarf-with-dsym";
				ENABLE_NS_ASSERTIONS = NO;
				ENABLE_STRICT_OBJC_MSGSEND = YES;
				GCC_C_LANGUAGE_STANDARD = gnu99;
				GCC_NO_COMMON_BLOCKS = YES;
				GCC_WARN_64_TO_32_BIT_CONVERSION = YES;
				GCC_WARN_ABOUT_RETURN_TYPE = YES_ERROR;
				GCC_WARN_UNDECLARED_SELECTOR = YES;
				GCC_WARN_UNINITIALIZED_AUTOS = YES_AGGRESSIVE;
				GCC_WARN_UNUSED_FUNCTION = YES;
				GCC_WARN_UNUSED_VARIABLE = YES;
				IPHONEOS_DEPLOYMENT_TARGET = 10.3;
				MTL_ENABLE_DEBUG_INFO = NO;
				SDKROOT = iphoneos;
				TARGETED_DEVICE_FAMILY = "1,2";
				VALIDATE_PRODUCT = YES;
			};
			name = Release;
		};
		07EFF0041F04C72700F5F18A /* Debug */ = {
			isa = XCBuildConfiguration;
			baseConfigurationReference = 25AC33BB2A8EC40BB964936F /* Pods-OmniVirt VRPlayer Example.debug.xcconfig */;
			buildSettings = {
				ALWAYS_EMBED_SWIFT_STANDARD_LIBRARIES = YES;
				ASSETCATALOG_COMPILER_APPICON_NAME = AppIcon;
				DEVELOPMENT_TEAM = 2EWEU8NLQ9;
				INFOPLIST_FILE = "OmniVirt VRPlayer Example/Info.plist";
				IPHONEOS_DEPLOYMENT_TARGET = 9.0;
				LD_RUNPATH_SEARCH_PATHS = "$(inherited) @executable_path/Frameworks";
				PRODUCT_BUNDLE_IDENTIFIER = com.omnivirt.vrplayer.example;
				PRODUCT_NAME = "$(TARGET_NAME)";
			};
			name = Debug;
		};
		07EFF0051F04C72700F5F18A /* Release */ = {
			isa = XCBuildConfiguration;
			baseConfigurationReference = 75DDB64A0488E80AF2E90CEE /* Pods-OmniVirt VRPlayer Example.release.xcconfig */;
			buildSettings = {
				ALWAYS_EMBED_SWIFT_STANDARD_LIBRARIES = YES;
				ASSETCATALOG_COMPILER_APPICON_NAME = AppIcon;
				DEVELOPMENT_TEAM = 2EWEU8NLQ9;
				INFOPLIST_FILE = "OmniVirt VRPlayer Example/Info.plist";
				IPHONEOS_DEPLOYMENT_TARGET = 9.0;
				LD_RUNPATH_SEARCH_PATHS = "$(inherited) @executable_path/Frameworks";
				PRODUCT_BUNDLE_IDENTIFIER = com.omnivirt.vrplayer.example;
				PRODUCT_NAME = "$(TARGET_NAME)";
			};
			name = Release;
		};
		07EFF0071F04C72700F5F18A /* Debug */ = {
			isa = XCBuildConfiguration;
			buildSettings = {
				BUNDLE_LOADER = "$(TEST_HOST)";
				DEVELOPMENT_TEAM = 2EWEU8NLQ9;
				INFOPLIST_FILE = "OmniVirt VRPlayer ExampleTests/Info.plist";
				LD_RUNPATH_SEARCH_PATHS = "$(inherited) @executable_path/Frameworks @loader_path/Frameworks";
				PRODUCT_BUNDLE_IDENTIFIER = "com.omnivirt.OmniVirt-VRPlayer-ExampleTests";
				PRODUCT_NAME = "$(TARGET_NAME)";
				TEST_HOST = "$(BUILT_PRODUCTS_DIR)/OmniVirt VRPlayer Example.app/OmniVirt VRPlayer Example";
			};
			name = Debug;
		};
		07EFF0081F04C72700F5F18A /* Release */ = {
			isa = XCBuildConfiguration;
			buildSettings = {
				BUNDLE_LOADER = "$(TEST_HOST)";
				DEVELOPMENT_TEAM = 2EWEU8NLQ9;
				INFOPLIST_FILE = "OmniVirt VRPlayer ExampleTests/Info.plist";
				LD_RUNPATH_SEARCH_PATHS = "$(inherited) @executable_path/Frameworks @loader_path/Frameworks";
				PRODUCT_BUNDLE_IDENTIFIER = "com.omnivirt.OmniVirt-VRPlayer-ExampleTests";
				PRODUCT_NAME = "$(TARGET_NAME)";
				TEST_HOST = "$(BUILT_PRODUCTS_DIR)/OmniVirt VRPlayer Example.app/OmniVirt VRPlayer Example";
			};
			name = Release;
		};
		07EFF00A1F04C72700F5F18A /* Debug */ = {
			isa = XCBuildConfiguration;
			buildSettings = {
				DEVELOPMENT_TEAM = 2EWEU8NLQ9;
				INFOPLIST_FILE = "OmniVirt VRPlayer ExampleUITests/Info.plist";
				LD_RUNPATH_SEARCH_PATHS = "$(inherited) @executable_path/Frameworks @loader_path/Frameworks";
				PRODUCT_BUNDLE_IDENTIFIER = "com.omnivirt.OmniVirt-VRPlayer-ExampleUITests";
				PRODUCT_NAME = "$(TARGET_NAME)";
				TEST_TARGET_NAME = "OmniVirt VRPlayer Example";
			};
			name = Debug;
		};
		07EFF00B1F04C72700F5F18A /* Release */ = {
			isa = XCBuildConfiguration;
			buildSettings = {
				DEVELOPMENT_TEAM = 2EWEU8NLQ9;
				INFOPLIST_FILE = "OmniVirt VRPlayer ExampleUITests/Info.plist";
				LD_RUNPATH_SEARCH_PATHS = "$(inherited) @executable_path/Frameworks @loader_path/Frameworks";
				PRODUCT_BUNDLE_IDENTIFIER = "com.omnivirt.OmniVirt-VRPlayer-ExampleUITests";
				PRODUCT_NAME = "$(TARGET_NAME)";
				TEST_TARGET_NAME = "OmniVirt VRPlayer Example";
			};
			name = Release;
		};
/* End XCBuildConfiguration section */

/* Begin XCConfigurationList section */
		07EFEFD11F04C72700F5F18A /* Build configuration list for PBXProject "OmniVirt VRPlayer Example" */ = {
			isa = XCConfigurationList;
			buildConfigurations = (
				07EFF0011F04C72700F5F18A /* Debug */,
				07EFF0021F04C72700F5F18A /* Release */,
			);
			defaultConfigurationIsVisible = 0;
			defaultConfigurationName = Release;
		};
		07EFF0031F04C72700F5F18A /* Build configuration list for PBXNativeTarget "OmniVirt VRPlayer Example" */ = {
			isa = XCConfigurationList;
			buildConfigurations = (
				07EFF0041F04C72700F5F18A /* Debug */,
				07EFF0051F04C72700F5F18A /* Release */,
			);
			defaultConfigurationIsVisible = 0;
			defaultConfigurationName = Release;
		};
		07EFF0061F04C72700F5F18A /* Build configuration list for PBXNativeTarget "OmniVirt VRPlayer ExampleTests" */ = {
			isa = XCConfigurationList;
			buildConfigurations = (
				07EFF0071F04C72700F5F18A /* Debug */,
				07EFF0081F04C72700F5F18A /* Release */,
			);
			defaultConfigurationIsVisible = 0;
			defaultConfigurationName = Release;
		};
		07EFF0091F04C72700F5F18A /* Build configuration list for PBXNativeTarget "OmniVirt VRPlayer ExampleUITests" */ = {
			isa = XCConfigurationList;
			buildConfigurations = (
				07EFF00A1F04C72700F5F18A /* Debug */,
				07EFF00B1F04C72700F5F18A /* Release */,
			);
			defaultConfigurationIsVisible = 0;
			defaultConfigurationName = Release;
		};
/* End XCConfigurationList section */
	};
	rootObject = 07EFEFCE1F04C72700F5F18A /* Project object */;
}
