// !$*UTF8*$!
{
	archiveVersion = 1;
	classes = {
	};
	objectVersion = 46;
	objects = {

/* Begin PBXBuildFile section */
		6F7C7D711E9C09BA0014216B /* VRKit.framework in Frameworks */ = {isa = PBXBuildFile; fileRef = 6F7C7D701E9C09BA0014216B /* VRKit.framework */; };
		6F7C7D731E9C09D40014216B /* VRKit.framework in Embed Frameworks */ = {isa = PBXBuildFile; fileRef = 6F7C7D701E9C09BA0014216B /* VRKit.framework */; settings = {ATTRIBUTES = (CodeSignOnCopy, RemoveHeadersOnCopy, ); }; };
		6FF64F391E9C068300638D99 /* main.m in Sources */ = {isa = PBXBuildFile; fileRef = 6FF64F381E9C068300638D99 /* main.m */; };
		6FF64F3C1E9C068300638D99 /* AppDelegate.m in Sources */ = {isa = PBXBuildFile; fileRef = 6FF64F3B1E9C068300638D99 /* AppDelegate.m */; };
		6FF64F3F1E9C068300638D99 /* ViewController.m in Sources */ = {isa = PBXBuildFile; fileRef = 6FF64F3E1E9C068300638D99 /* ViewController.m */; };
		6FF64F421E9C068300638D99 /* Main.storyboard in Resources */ = {isa = PBXBuildFile; fileRef = 6FF64F401E9C068300638D99 /* Main.storyboard */; };
		6FF64F441E9C068300638D99 /* Assets.xcassets in Resources */ = {isa = PBXBuildFile; fileRef = 6FF64F431E9C068300638D99 /* Assets.xcassets */; };
		6FF64F471E9C068300638D99 /* LaunchScreen.storyboard in Resources */ = {isa = PBXBuildFile; fileRef = 6FF64F451E9C068300638D99 /* LaunchScreen.storyboard */; };
		6FF64F521E9C068300638D99 /* VRKitExampleTests.m in Sources */ = {isa = PBXBuildFile; fileRef = 6FF64F511E9C068300638D99 /* VRKitExampleTests.m */; };
		6FF64F5D1E9C068300638D99 /* VRKitExampleUITests.m in Sources */ = {isa = PBXBuildFile; fileRef = 6FF64F5C1E9C068300638D99 /* VRKitExampleUITests.m */; };
/* End PBXBuildFile section */

/* Begin PBXContainerItemProxy section */
		6FF64F4E1E9C068300638D99 /* PBXContainerItemProxy */ = {
			isa = PBXContainerItemProxy;
			containerPortal = 6FF64F2C1E9C068300638D99 /* Project object */;
			proxyType = 1;
			remoteGlobalIDString = 6FF64F331E9C068300638D99;
			remoteInfo = VRKitExample;
		};
		6FF64F591E9C068300638D99 /* PBXContainerItemProxy */ = {
			isa = PBXContainerItemProxy;
			containerPortal = 6FF64F2C1E9C068300638D99 /* Project object */;
			proxyType = 1;
			remoteGlobalIDString = 6FF64F331E9C068300638D99;
			remoteInfo = VRKitExample;
		};
/* End PBXContainerItemProxy section */

/* Begin PBXCopyFilesBuildPhase section */
		6F7C7D741E9C09D40014216B /* Embed Frameworks */ = {
			isa = PBXCopyFilesBuildPhase;
			buildActionMask = 2147483647;
			dstPath = "";
			dstSubfolderSpec = 10;
			files = (
				6F7C7D731E9C09D40014216B /* VRKit.framework in Embed Frameworks */,
			);
			name = "Embed Frameworks";
			runOnlyForDeploymentPostprocessing = 0;
		};
/* End PBXCopyFilesBuildPhase section */

/* Begin PBXFileReference section */
		6F7C7D701E9C09BA0014216B /* VRKit.framework */ = {isa = PBXFileReference; lastKnownFileType = wrapper.framework; path = VRKit.framework; sourceTree = "<group>"; };
		6FF64F341E9C068300638D99 /* VRKitExample.app */ = {isa = PBXFileReference; explicitFileType = wrapper.application; includeInIndex = 0; path = VRKitExample.app; sourceTree = BUILT_PRODUCTS_DIR; };
		6FF64F381E9C068300638D99 /* main.m */ = {isa = PBXFileReference; lastKnownFileType = sourcecode.c.objc; path = main.m; sourceTree = "<group>"; };
		6FF64F3A1E9C068300638D99 /* AppDelegate.h */ = {isa = PBXFileReference; lastKnownFileType = sourcecode.c.h; path = AppDelegate.h; sourceTree = "<group>"; };
		6FF64F3B1E9C068300638D99 /* AppDelegate.m */ = {isa = PBXFileReference; lastKnownFileType = sourcecode.c.objc; path = AppDelegate.m; sourceTree = "<group>"; };
		6FF64F3D1E9C068300638D99 /* ViewController.h */ = {isa = PBXFileReference; lastKnownFileType = sourcecode.c.h; path = ViewController.h; sourceTree = "<group>"; };
		6FF64F3E1E9C068300638D99 /* ViewController.m */ = {isa = PBXFileReference; lastKnownFileType = sourcecode.c.objc; path = ViewController.m; sourceTree = "<group>"; };
		6FF64F411E9C068300638D99 /* Base */ = {isa = PBXFileReference; lastKnownFileType = file.storyboard; name = Base; path = Base.lproj/Main.storyboard; sourceTree = "<group>"; };
		6FF64F431E9C068300638D99 /* Assets.xcassets */ = {isa = PBXFileReference; lastKnownFileType = folder.assetcatalog; path = Assets.xcassets; sourceTree = "<group>"; };
		6FF64F461E9C068300638D99 /* Base */ = {isa = PBXFileReference; lastKnownFileType = file.storyboard; name = Base; path = Base.lproj/LaunchScreen.storyboard; sourceTree = "<group>"; };
		6FF64F481E9C068300638D99 /* Info.plist */ = {isa = PBXFileReference; lastKnownFileType = text.plist.xml; path = Info.plist; sourceTree = "<group>"; };
		6FF64F4D1E9C068300638D99 /* VRKitExampleTests.xctest */ = {isa = PBXFileReference; explicitFileType = wrapper.cfbundle; includeInIndex = 0; path = VRKitExampleTests.xctest; sourceTree = BUILT_PRODUCTS_DIR; };
		6FF64F511E9C068300638D99 /* VRKitExampleTests.m */ = {isa = PBXFileReference; lastKnownFileType = sourcecode.c.objc; path = VRKitExampleTests.m; sourceTree = "<group>"; };
		6FF64F531E9C068300638D99 /* Info.plist */ = {isa = PBXFileReference; lastKnownFileType = text.plist.xml; path = Info.plist; sourceTree = "<group>"; };
		6FF64F581E9C068300638D99 /* VRKitExampleUITests.xctest */ = {isa = PBXFileReference; explicitFileType = wrapper.cfbundle; includeInIndex = 0; path = VRKitExampleUITests.xctest; sourceTree = BUILT_PRODUCTS_DIR; };
		6FF64F5C1E9C068300638D99 /* VRKitExampleUITests.m */ = {isa = PBXFileReference; lastKnownFileType = sourcecode.c.objc; path = VRKitExampleUITests.m; sourceTree = "<group>"; };
		6FF64F5E1E9C068300638D99 /* Info.plist */ = {isa = PBXFileReference; lastKnownFileType = text.plist.xml; path = Info.plist; sourceTree = "<group>"; };
/* End PBXFileReference section */

/* Begin PBXFrameworksBuildPhase section */
		6FF64F311E9C068300638D99 /* Frameworks */ = {
			isa = PBXFrameworksBuildPhase;
			buildActionMask = 2147483647;
			files = (
				6F7C7D711E9C09BA0014216B /* VRKit.framework in Frameworks */,
			);
			runOnlyForDeploymentPostprocessing = 0;
		};
		6FF64F4A1E9C068300638D99 /* Frameworks */ = {
			isa = PBXFrameworksBuildPhase;
			buildActionMask = 2147483647;
			files = (
			);
			runOnlyForDeploymentPostprocessing = 0;
		};
		6FF64F551E9C068300638D99 /* Frameworks */ = {
			isa = PBXFrameworksBuildPhase;
			buildActionMask = 2147483647;
			files = (
			);
			runOnlyForDeploymentPostprocessing = 0;
		};
/* End PBXFrameworksBuildPhase section */

/* Begin PBXGroup section */
		6FF64F2B1E9C068300638D99 = {
			isa = PBXGroup;
			children = (
				6F7C7D701E9C09BA0014216B /* VRKit.framework */,
				6FF64F361E9C068300638D99 /* VRKitExample */,
				6FF64F501E9C068300638D99 /* VRKitExampleTests */,
				6FF64F5B1E9C068300638D99 /* VRKitExampleUITests */,
				6FF64F351E9C068300638D99 /* Products */,
			);
			sourceTree = "<group>";
		};
		6FF64F351E9C068300638D99 /* Products */ = {
			isa = PBXGroup;
			children = (
				6FF64F341E9C068300638D99 /* VRKitExample.app */,
				6FF64F4D1E9C068300638D99 /* VRKitExampleTests.xctest */,
				6FF64F581E9C068300638D99 /* VRKitExampleUITests.xctest */,
			);
			name = Products;
			sourceTree = "<group>";
		};
		6FF64F361E9C068300638D99 /* VRKitExample */ = {
			isa = PBXGroup;
			children = (
				6FF64F3A1E9C068300638D99 /* AppDelegate.h */,
				6FF64F3B1E9C068300638D99 /* AppDelegate.m */,
				6FF64F3D1E9C068300638D99 /* ViewController.h */,
				6FF64F3E1E9C068300638D99 /* ViewController.m */,
				6FF64F401E9C068300638D99 /* Main.storyboard */,
				6FF64F431E9C068300638D99 /* Assets.xcassets */,
				6FF64F451E9C068300638D99 /* LaunchScreen.storyboard */,
				6FF64F481E9C068300638D99 /* Info.plist */,
				6FF64F371E9C068300638D99 /* Supporting Files */,
			);
			path = VRKitExample;
			sourceTree = "<group>";
		};
		6FF64F371E9C068300638D99 /* Supporting Files */ = {
			isa = PBXGroup;
			children = (
				6FF64F381E9C068300638D99 /* main.m */,
			);
			name = "Supporting Files";
			sourceTree = "<group>";
		};
		6FF64F501E9C068300638D99 /* VRKitExampleTests */ = {
			isa = PBXGroup;
			children = (
				6FF64F511E9C068300638D99 /* VRKitExampleTests.m */,
				6FF64F531E9C068300638D99 /* Info.plist */,
			);
			path = VRKitExampleTests;
			sourceTree = "<group>";
		};
		6FF64F5B1E9C068300638D99 /* VRKitExampleUITests */ = {
			isa = PBXGroup;
			children = (
				6FF64F5C1E9C068300638D99 /* VRKitExampleUITests.m */,
				6FF64F5E1E9C068300638D99 /* Info.plist */,
			);
			path = VRKitExampleUITests;
			sourceTree = "<group>";
		};
/* End PBXGroup section */

/* Begin PBXNativeTarget section */
		6FF64F331E9C068300638D99 /* VRKitExample */ = {
			isa = PBXNativeTarget;
			buildConfigurationList = 6FF64F611E9C068300638D99 /* Build configuration list for PBXNativeTarget "VRKitExample" */;
			buildPhases = (
				6FF64F301E9C068300638D99 /* Sources */,
				6FF64F311E9C068300638D99 /* Frameworks */,
				6FF64F321E9C068300638D99 /* Resources */,
				6F7C7D741E9C09D40014216B /* Embed Frameworks */,
			);
			buildRules = (
			);
			dependencies = (
			);
			name = VRKitExample;
			productName = VRKitExample;
			productReference = 6FF64F341E9C068300638D99 /* VRKitExample.app */;
			productType = "com.apple.product-type.application";
		};
		6FF64F4C1E9C068300638D99 /* VRKitExampleTests */ = {
			isa = PBXNativeTarget;
			buildConfigurationList = 6FF64F641E9C068300638D99 /* Build configuration list for PBXNativeTarget "VRKitExampleTests" */;
			buildPhases = (
				6FF64F491E9C068300638D99 /* Sources */,
				6FF64F4A1E9C068300638D99 /* Frameworks */,
				6FF64F4B1E9C068300638D99 /* Resources */,
			);
			buildRules = (
			);
			dependencies = (
				6FF64F4F1E9C068300638D99 /* PBXTargetDependency */,
			);
			name = VRKitExampleTests;
			productName = VRKitExampleTests;
			productReference = 6FF64F4D1E9C068300638D99 /* VRKitExampleTests.xctest */;
			productType = "com.apple.product-type.bundle.unit-test";
		};
		6FF64F571E9C068300638D99 /* VRKitExampleUITests */ = {
			isa = PBXNativeTarget;
			buildConfigurationList = 6FF64F671E9C068300638D99 /* Build configuration list for PBXNativeTarget "VRKitExampleUITests" */;
			buildPhases = (
				6FF64F541E9C068300638D99 /* Sources */,
				6FF64F551E9C068300638D99 /* Frameworks */,
				6FF64F561E9C068300638D99 /* Resources */,
			);
			buildRules = (
			);
			dependencies = (
				6FF64F5A1E9C068300638D99 /* PBXTargetDependency */,
			);
			name = VRKitExampleUITests;
			productName = VRKitExampleUITests;
			productReference = 6FF64F581E9C068300638D99 /* VRKitExampleUITests.xctest */;
			productType = "com.apple.product-type.bundle.ui-testing";
		};
/* End PBXNativeTarget section */

/* Begin PBXProject section */
		6FF64F2C1E9C068300638D99 /* Project object */ = {
			isa = PBXProject;
			attributes = {
				LastUpgradeCheck = 0830;
				ORGANIZATIONNAME = "Jatupon Sukkasem";
				TargetAttributes = {
					6FF64F331E9C068300638D99 = {
						CreatedOnToolsVersion = 8.3.1;
						DevelopmentTeam = V5R9MKAP9P;
						ProvisioningStyle = Automatic;
					};
					6FF64F4C1E9C068300638D99 = {
						CreatedOnToolsVersion = 8.3.1;
						DevelopmentTeam = V5R9MKAP9P;
						ProvisioningStyle = Automatic;
						TestTargetID = 6FF64F331E9C068300638D99;
					};
					6FF64F571E9C068300638D99 = {
						CreatedOnToolsVersion = 8.3.1;
						DevelopmentTeam = V5R9MKAP9P;
						ProvisioningStyle = Automatic;
						TestTargetID = 6FF64F331E9C068300638D99;
					};
				};
			};
			buildConfigurationList = 6FF64F2F1E9C068300638D99 /* Build configuration list for PBXProject "VRKitExample" */;
			compatibilityVersion = "Xcode 3.2";
			developmentRegion = English;
			hasScannedForEncodings = 0;
			knownRegions = (
				en,
				Base,
			);
			mainGroup = 6FF64F2B1E9C068300638D99;
			productRefGroup = 6FF64F351E9C068300638D99 /* Products */;
			projectDirPath = "";
			projectRoot = "";
			targets = (
				6FF64F331E9C068300638D99 /* VRKitExample */,
				6FF64F4C1E9C068300638D99 /* VRKitExampleTests */,
				6FF64F571E9C068300638D99 /* VRKitExampleUITests */,
			);
		};
/* End PBXProject section */

/* Begin PBXResourcesBuildPhase section */
		6FF64F321E9C068300638D99 /* Resources */ = {
			isa = PBXResourcesBuildPhase;
			buildActionMask = 2147483647;
			files = (
				6FF64F471E9C068300638D99 /* LaunchScreen.storyboard in Resources */,
				6FF64F441E9C068300638D99 /* Assets.xcassets in Resources */,
				6FF64F421E9C068300638D99 /* Main.storyboard in Resources */,
			);
			runOnlyForDeploymentPostprocessing = 0;
		};
		6FF64F4B1E9C068300638D99 /* Resources */ = {
			isa = PBXResourcesBuildPhase;
			buildActionMask = 2147483647;
			files = (
			);
			runOnlyForDeploymentPostprocessing = 0;
		};
		6FF64F561E9C068300638D99 /* Resources */ = {
			isa = PBXResourcesBuildPhase;
			buildActionMask = 2147483647;
			files = (
			);
			runOnlyForDeploymentPostprocessing = 0;
		};
/* End PBXResourcesBuildPhase section */

/* Begin PBXSourcesBuildPhase section */
		6FF64F301E9C068300638D99 /* Sources */ = {
			isa = PBXSourcesBuildPhase;
			buildActionMask = 2147483647;
			files = (
				6FF64F3F1E9C068300638D99 /* ViewController.m in Sources */,
				6FF64F3C1E9C068300638D99 /* AppDelegate.m in Sources */,
				6FF64F391E9C068300638D99 /* main.m in Sources */,
			);
			runOnlyForDeploymentPostprocessing = 0;
		};
		6FF64F491E9C068300638D99 /* Sources */ = {
			isa = PBXSourcesBuildPhase;
			buildActionMask = 2147483647;
			files = (
				6FF64F521E9C068300638D99 /* VRKitExampleTests.m in Sources */,
			);
			runOnlyForDeploymentPostprocessing = 0;
		};
		6FF64F541E9C068300638D99 /* Sources */ = {
			isa = PBXSourcesBuildPhase;
			buildActionMask = 2147483647;
			files = (
				6FF64F5D1E9C068300638D99 /* VRKitExampleUITests.m in Sources */,
			);
			runOnlyForDeploymentPostprocessing = 0;
		};
/* End PBXSourcesBuildPhase section */

/* Begin PBXTargetDependency section */
		6FF64F4F1E9C068300638D99 /* PBXTargetDependency */ = {
			isa = PBXTargetDependency;
			target = 6FF64F331E9C068300638D99 /* VRKitExample */;
			targetProxy = 6FF64F4E1E9C068300638D99 /* PBXContainerItemProxy */;
		};
		6FF64F5A1E9C068300638D99 /* PBXTargetDependency */ = {
			isa = PBXTargetDependency;
			target = 6FF64F331E9C068300638D99 /* VRKitExample */;
			targetProxy = 6FF64F591E9C068300638D99 /* PBXContainerItemProxy */;
		};
/* End PBXTargetDependency section */

/* Begin PBXVariantGroup section */
		6FF64F401E9C068300638D99 /* Main.storyboard */ = {
			isa = PBXVariantGroup;
			children = (
				6FF64F411E9C068300638D99 /* Base */,
			);
			name = Main.storyboard;
			sourceTree = "<group>";
		};
		6FF64F451E9C068300638D99 /* LaunchScreen.storyboard */ = {
			isa = PBXVariantGroup;
			children = (
				6FF64F461E9C068300638D99 /* Base */,
			);
			name = LaunchScreen.storyboard;
			sourceTree = "<group>";
		};
/* End PBXVariantGroup section */

/* Begin XCBuildConfiguration section */
		6FF64F5F1E9C068300638D99 /* Debug */ = {
			isa = XCBuildConfiguration;
			buildSettings = {
				ALWAYS_EMBED_SWIFT_STANDARD_LIBRARIES = YES;
				ALWAYS_SEARCH_USER_PATHS = NO;
				CLANG_ANALYZER_NONNULL = YES;
				CLANG_ANALYZER_NUMBER_OBJECT_CONVERSION = YES_AGGRESSIVE;
				CLANG_CXX_LANGUAGE_STANDARD = "gnu++0x";
				CLANG_CXX_LIBRARY = "libc++";
				CLANG_ENABLE_MODULES = YES;
				CLANG_ENABLE_OBJC_ARC = YES;
				CLANG_WARN_BOOL_CONVERSION = YES;
				CLANG_WARN_CONSTANT_CONVERSION = YES;
				CLANG_WARN_DIRECT_OBJC_ISA_USAGE = YES_ERROR;
				CLANG_WARN_DOCUMENTATION_COMMENTS = YES;
				CLANG_WARN_EMPTY_BODY = YES;
				CLANG_WARN_ENUM_CONVERSION = YES;
				CLANG_WARN_INFINITE_RECURSION = YES;
				CLANG_WARN_INT_CONVERSION = YES;
				CLANG_WARN_OBJC_ROOT_CLASS = YES_ERROR;
				CLANG_WARN_SUSPICIOUS_MOVE = YES;
				CLANG_WARN_UNREACHABLE_CODE = YES;
				CLANG_WARN__DUPLICATE_METHOD_MATCH = YES;
				"CODE_SIGN_IDENTITY[sdk=iphoneos*]" = "iPhone Developer";
				COPY_PHASE_STRIP = NO;
				DEBUG_INFORMATION_FORMAT = dwarf;
				ENABLE_STRICT_OBJC_MSGSEND = YES;
				ENABLE_TESTABILITY = YES;
				GCC_C_LANGUAGE_STANDARD = gnu99;
				GCC_DYNAMIC_NO_PIC = NO;
				GCC_NO_COMMON_BLOCKS = YES;
				GCC_OPTIMIZATION_LEVEL = 0;
				GCC_PREPROCESSOR_DEFINITIONS = (
					"DEBUG=1",
					"$(inherited)",
				);
				GCC_WARN_64_TO_32_BIT_CONVERSION = YES;
				GCC_WARN_ABOUT_RETURN_TYPE = YES_ERROR;
				GCC_WARN_UNDECLARED_SELECTOR = YES;
				GCC_WARN_UNINITIALIZED_AUTOS = YES_AGGRESSIVE;
				GCC_WARN_UNUSED_FUNCTION = YES;
				GCC_WARN_UNUSED_VARIABLE = YES;
				IPHONEOS_DEPLOYMENT_TARGET = 10.3;
				MTL_ENABLE_DEBUG_INFO = YES;
				ONLY_ACTIVE_ARCH = YES;
				SDKROOT = iphoneos;
			};
			name = Debug;
		};
		6FF64F601E9C068300638D99 /* Release */ = {
			isa = XCBuildConfiguration;
			buildSettings = {
				ALWAYS_EMBED_SWIFT_STANDARD_LIBRARIES = YES;
				ALWAYS_SEARCH_USER_PATHS = NO;
				CLANG_ANALYZER_NONNULL = YES;
				CLANG_ANALYZER_NUMBER_OBJECT_CONVERSION = YES_AGGRESSIVE;
				CLANG_CXX_LANGUAGE_STANDARD = "gnu++0x";
				CLANG_CXX_LIBRARY = "libc++";
				CLANG_ENABLE_MODULES = YES;
				CLANG_ENABLE_OBJC_ARC = YES;
				CLANG_WARN_BOOL_CONVERSION = YES;
				CLANG_WARN_CONSTANT_CONVERSION = YES;
				CLANG_WARN_DIRECT_OBJC_ISA_USAGE = YES_ERROR;
				CLANG_WARN_DOCUMENTATION_COMMENTS = YES;
				CLANG_WARN_EMPTY_BODY = YES;
				CLANG_WARN_ENUM_CONVERSION = YES;
				CLANG_WARN_INFINITE_RECURSION = YES;
				CLANG_WARN_INT_CONVERSION = YES;
				CLANG_WARN_OBJC_ROOT_CLASS = YES_ERROR;
				CLANG_WARN_SUSPICIOUS_MOVE = YES;
				CLANG_WARN_UNREACHABLE_CODE = YES;
				CLANG_WARN__DUPLICATE_METHOD_MATCH = YES;
				"CODE_SIGN_IDENTITY[sdk=iphoneos*]" = "iPhone Developer";
				COPY_PHASE_STRIP = NO;
				DEBUG_INFORMATION_FORMAT = "dwarf-with-dsym";
				ENABLE_NS_ASSERTIONS = NO;
				ENABLE_STRICT_OBJC_MSGSEND = YES;
				GCC_C_LANGUAGE_STANDARD = gnu99;
				GCC_NO_COMMON_BLOCKS = YES;
				GCC_WARN_64_TO_32_BIT_CONVERSION = YES;
				GCC_WARN_ABOUT_RETURN_TYPE = YES_ERROR;
				GCC_WARN_UNDECLARED_SELECTOR = YES;
				GCC_WARN_UNINITIALIZED_AUTOS = YES_AGGRESSIVE;
				GCC_WARN_UNUSED_FUNCTION = YES;
				GCC_WARN_UNUSED_VARIABLE = YES;
				IPHONEOS_DEPLOYMENT_TARGET = 10.3;
				MTL_ENABLE_DEBUG_INFO = NO;
				SDKROOT = iphoneos;
				VALIDATE_PRODUCT = YES;
			};
			name = Release;
		};
		6FF64F621E9C068300638D99 /* Debug */ = {
			isa = XCBuildConfiguration;
			buildSettings = {
				ASSETCATALOG_COMPILER_APPICON_NAME = AppIcon;
				DEVELOPMENT_TEAM = V5R9MKAP9P;
				FRAMEWORK_SEARCH_PATHS = (
					"$(inherited)",
					"$(PROJECT_DIR)",
				);
				INFOPLIST_FILE = VRKitExample/Info.plist;
				IPHONEOS_DEPLOYMENT_TARGET = 8.0;
				LD_RUNPATH_SEARCH_PATHS = "$(inherited) @executable_path/Frameworks";
				PRODUCT_BUNDLE_IDENTIFIER = com.omnivirt.VRKitExample;
				PRODUCT_NAME = "$(TARGET_NAME)";
			};
			name = Debug;
		};
		6FF64F631E9C068300638D99 /* Release */ = {
			isa = XCBuildConfiguration;
			buildSettings = {
				ASSETCATALOG_COMPILER_APPICON_NAME = AppIcon;
				DEVELOPMENT_TEAM = V5R9MKAP9P;
				FRAMEWORK_SEARCH_PATHS = (
					"$(inherited)",
					"$(PROJECT_DIR)",
				);
				INFOPLIST_FILE = VRKitExample/Info.plist;
				IPHONEOS_DEPLOYMENT_TARGET = 8.0;
				LD_RUNPATH_SEARCH_PATHS = "$(inherited) @executable_path/Frameworks";
				PRODUCT_BUNDLE_IDENTIFIER = com.omnivirt.VRKitExample;
				PRODUCT_NAME = "$(TARGET_NAME)";
			};
			name = Release;
		};
		6FF64F651E9C068300638D99 /* Debug */ = {
			isa = XCBuildConfiguration;
			buildSettings = {
				BUNDLE_LOADER = "$(TEST_HOST)";
				DEVELOPMENT_TEAM = V5R9MKAP9P;
				INFOPLIST_FILE = VRKitExampleTests/Info.plist;
				LD_RUNPATH_SEARCH_PATHS = "$(inherited) @executable_path/Frameworks @loader_path/Frameworks";
				PRODUCT_BUNDLE_IDENTIFIER = com.omnivirt.VRKitExampleTests;
				PRODUCT_NAME = "$(TARGET_NAME)";
				TEST_HOST = "$(BUILT_PRODUCTS_DIR)/VRKitExample.app/VRKitExample";
			};
			name = Debug;
		};
		6FF64F661E9C068300638D99 /* Release */ = {
			isa = XCBuildConfiguration;
			buildSettings = {
				BUNDLE_LOADER = "$(TEST_HOST)";
				DEVELOPMENT_TEAM = V5R9MKAP9P;
				INFOPLIST_FILE = VRKitExampleTests/Info.plist;
				LD_RUNPATH_SEARCH_PATHS = "$(inherited) @executable_path/Frameworks @loader_path/Frameworks";
				PRODUCT_BUNDLE_IDENTIFIER = com.omnivirt.VRKitExampleTests;
				PRODUCT_NAME = "$(TARGET_NAME)";
				TEST_HOST = "$(BUILT_PRODUCTS_DIR)/VRKitExample.app/VRKitExample";
			};
			name = Release;
		};
		6FF64F681E9C068300638D99 /* Debug */ = {
			isa = XCBuildConfiguration;
			buildSettings = {
				DEVELOPMENT_TEAM = V5R9MKAP9P;
				INFOPLIST_FILE = VRKitExampleUITests/Info.plist;
				LD_RUNPATH_SEARCH_PATHS = "$(inherited) @executable_path/Frameworks @loader_path/Frameworks";
				PRODUCT_BUNDLE_IDENTIFIER = com.omnivirt.VRKitExampleUITests;
				PRODUCT_NAME = "$(TARGET_NAME)";
				TEST_TARGET_NAME = VRKitExample;
			};
			name = Debug;
		};
		6FF64F691E9C068300638D99 /* Release */ = {
			isa = XCBuildConfiguration;
			buildSettings = {
				DEVELOPMENT_TEAM = V5R9MKAP9P;
				INFOPLIST_FILE = VRKitExampleUITests/Info.plist;
				LD_RUNPATH_SEARCH_PATHS = "$(inherited) @executable_path/Frameworks @loader_path/Frameworks";
				PRODUCT_BUNDLE_IDENTIFIER = com.omnivirt.VRKitExampleUITests;
				PRODUCT_NAME = "$(TARGET_NAME)";
				TEST_TARGET_NAME = VRKitExample;
			};
			name = Release;
		};
/* End XCBuildConfiguration section */

/* Begin XCConfigurationList section */
		6FF64F2F1E9C068300638D99 /* Build configuration list for PBXProject "VRKitExample" */ = {
			isa = XCConfigurationList;
			buildConfigurations = (
				6FF64F5F1E9C068300638D99 /* Debug */,
				6FF64F601E9C068300638D99 /* Release */,
			);
			defaultConfigurationIsVisible = 0;
			defaultConfigurationName = Release;
		};
		6FF64F611E9C068300638D99 /* Build configuration list for PBXNativeTarget "VRKitExample" */ = {
			isa = XCConfigurationList;
			buildConfigurations = (
				6FF64F621E9C068300638D99 /* Debug */,
				6FF64F631E9C068300638D99 /* Release */,
			);
			defaultConfigurationIsVisible = 0;
			defaultConfigurationName = Release;
		};
		6FF64F641E9C068300638D99 /* Build configuration list for PBXNativeTarget "VRKitExampleTests" */ = {
			isa = XCConfigurationList;
			buildConfigurations = (
				6FF64F651E9C068300638D99 /* Debug */,
				6FF64F661E9C068300638D99 /* Release */,
			);
			defaultConfigurationIsVisible = 0;
			defaultConfigurationName = Release;
		};
		6FF64F671E9C068300638D99 /* Build configuration list for PBXNativeTarget "VRKitExampleUITests" */ = {
			isa = XCConfigurationList;
			buildConfigurations = (
				6FF64F681E9C068300638D99 /* Debug */,
				6FF64F691E9C068300638D99 /* Release */,
			);
			defaultConfigurationIsVisible = 0;
			defaultConfigurationName = Release;
		};
/* End XCConfigurationList section */
	};
	rootObject = 6FF64F2C1E9C068300638D99 /* Project object */;
}
